
Microsoft Visual Studio Solution File, Format Version 12.00
# Visual Studio Version 17
VisualStudioVersion = 17.14.36717.8 d17.14
MinimumVisualStudioVersion = 10.0.40219.1
Project("{8BC9CEB8-8B4A-11D0-8D11-00A0C91BC942}") = "VGP241_Week1A_Exercises", "VGP241_Week1A_Exercises\VGP241_Week1A_Exercises.vcxproj", "{001596E3-743C-46C5-870B-EDDEA6C93F6F}"
EndProject
Global
	GlobalSection(SolutionConfigurationPlatforms) = preSolution
		Debug|x64 = Debug|x64
		Debug|x86 = Debug|x86
		Release|x64 = Release|x64
		Release|x86 = Release|x86
	EndGlobalSection
	GlobalSection(ProjectConfigurationPlatforms) = postSolution
		{001596E3-743C-46C5-870B-EDDEA6C93F6F}.Debug|x64.ActiveCfg = Debug|x64
		{001596E3-743C-46C5-870B-EDDEA6C93F6F}.Debug|x64.Build.0 = Debug|x64
		{001596E3-743C-46C5-870B-EDDEA6C93F6F}.Debug|x86.ActiveCfg = Debug|Win32
		{001596E3-743C-46C5-870B-EDDEA6C93F6F}.Debug|x86.Build.0 = Debug|Win32
		{001596E3-743C-46C5-870B-EDDEA6C93F6F}.Release|x64.ActiveCfg = Release|x64
		{001596E3-743C-46C5-870B-EDDEA6C93F6F}.Release|x64.Build.0 = Release|x64
		{001596E3-743C-46C5-870B-EDDEA6C93F6F}.Release|x86.ActiveCfg = Release|Win32
		{001596E3-743C-46C5-870B-EDDEA6C93F6F}.Release|x86.Build.0 = Release|Win32
	EndGlobalSection
	GlobalSection(SolutionProperties) = preSolution
		HideSolutionNode = FALSE
	EndGlobalSection
	GlobalSection(ExtensibilityGlobals) = postSolution
		SolutionGuid = {075E89EA-C24D-41F2-9520-A7D9BBEE2CB3}
	EndGlobalSection
EndGlobal
